// !$*UTF8*$!
{
	archiveVersion = 1;
	classes = {
	};
	objectVersion = 50;
	objects = {

/* Begin PBXBuildFile section */
		84452C402224DCFA00E73241 /* Assets.xcassets in Resources */ = {isa = PBXBuildFile; fileRef = 84452C3F2224DCFA00E73241 /* Assets.xcassets */; };
		8489AE63221E86DD00958C53 /* FlowViewTest2Controller.swift in Sources */ = {isa = PBXBuildFile; fileRef = 8489AE62221E86DD00958C53 /* FlowViewTest2Controller.swift */; };
		84CFD96E221CF1B600E77F3F /* FlowLayoutView.swift in Sources */ = {isa = PBXBuildFile; fileRef = 84CFD96D221CF1B600E77F3F /* FlowLayoutView.swift */; };
		84CFD977221D588A00E77F3F /* FlowLayoutViewController.swift in Sources */ = {isa = PBXBuildFile; fileRef = 84CFD976221D588A00E77F3F /* FlowLayoutViewController.swift */; };
		84CFD97A221D590100E77F3F /* FlowViewTest1Controller.swift in Sources */ = {isa = PBXBuildFile; fileRef = 84CFD979221D590100E77F3F /* FlowViewTest1Controller.swift */; };
		84E5721C2216993E00572DF8 /* AppDelegate.swift in Sources */ = {isa = PBXBuildFile; fileRef = 84E5721B2216993E00572DF8 /* AppDelegate.swift */; };
		84E5721E2216993E00572DF8 /* ViewController.swift in Sources */ = {isa = PBXBuildFile; fileRef = 84E5721D2216993E00572DF8 /* ViewController.swift */; };
		84E572212216993E00572DF8 /* Main.storyboard in Resources */ = {isa = PBXBuildFile; fileRef = 84E5721F2216993E00572DF8 /* Main.storyboard */; };
		84E572262216993F00572DF8 /* LaunchScreen.storyboard in Resources */ = {isa = PBXBuildFile; fileRef = 84E572242216993F00572DF8 /* LaunchScreen.storyboard */; };
		84E572412216998800572DF8 /* LinearViewTest1Controller.swift in Sources */ = {isa = PBXBuildFile; fileRef = 84E5722E2216998800572DF8 /* LinearViewTest1Controller.swift */; };
		84E572422216998800572DF8 /* LinearViewTest3Controller.swift in Sources */ = {isa = PBXBuildFile; fileRef = 84E5722F2216998800572DF8 /* LinearViewTest3Controller.swift */; };
		84E572432216998800572DF8 /* LinearViewTest4Controller.swift in Sources */ = {isa = PBXBuildFile; fileRef = 84E572302216998800572DF8 /* LinearViewTest4Controller.swift */; };
		84E572442216998800572DF8 /* LinearViewTest2Controller.swift in Sources */ = {isa = PBXBuildFile; fileRef = 84E572312216998800572DF8 /* LinearViewTest2Controller.swift */; };
		84E572452216998800572DF8 /* RelativeLayoutViewController.swift in Sources */ = {isa = PBXBuildFile; fileRef = 84E572322216998800572DF8 /* RelativeLayoutViewController.swift */; };
		84E572462216998800572DF8 /* RelativeViewTest3Controller.swift in Sources */ = {isa = PBXBuildFile; fileRef = 84E572342216998800572DF8 /* RelativeViewTest3Controller.swift */; };
		84E572472216998800572DF8 /* RelativeViewTest4Controller.swift in Sources */ = {isa = PBXBuildFile; fileRef = 84E572352216998800572DF8 /* RelativeViewTest4Controller.swift */; };
		84E572482216998800572DF8 /* RelativeViewTest5Controller.swift in Sources */ = {isa = PBXBuildFile; fileRef = 84E572362216998800572DF8 /* RelativeViewTest5Controller.swift */; };
		84E572492216998800572DF8 /* RelativeViewTest2Controller.swift in Sources */ = {isa = PBXBuildFile; fileRef = 84E572372216998800572DF8 /* RelativeViewTest2Controller.swift */; };
		84E5724A2216998800572DF8 /* RelativeViewTest1Controller.swift in Sources */ = {isa = PBXBuildFile; fileRef = 84E572382216998800572DF8 /* RelativeViewTest1Controller.swift */; };
		84E5724B2216998800572DF8 /* RelativeViewTest6Controller.swift in Sources */ = {isa = PBXBuildFile; fileRef = 84E572392216998800572DF8 /* RelativeViewTest6Controller.swift */; };
		84E5724C2216998800572DF8 /* UIColor.swift in Sources */ = {isa = PBXBuildFile; fileRef = 84E5723A2216998800572DF8 /* UIColor.swift */; };
		84E5724E2216998800572DF8 /* RelativeLayoutView.swift in Sources */ = {isa = PBXBuildFile; fileRef = 84E5723D2216998800572DF8 /* RelativeLayoutView.swift */; };
		84E5724F2216998800572DF8 /* LinearLayoutView.swift in Sources */ = {isa = PBXBuildFile; fileRef = 84E5723E2216998800572DF8 /* LinearLayoutView.swift */; };
		84E572502216998800572DF8 /* UIView+Layout.swift in Sources */ = {isa = PBXBuildFile; fileRef = 84E5723F2216998800572DF8 /* UIView+Layout.swift */; };
		84E572512216998800572DF8 /* LinearLayoutViewController.swift in Sources */ = {isa = PBXBuildFile; fileRef = 84E572402216998800572DF8 /* LinearLayoutViewController.swift */; };
/* End PBXBuildFile section */

/* Begin PBXFileReference section */
		84452C3F2224DCFA00E73241 /* Assets.xcassets */ = {isa = PBXFileReference; lastKnownFileType = folder.assetcatalog; path = Assets.xcassets; sourceTree = "<group>"; };
		8489AE62221E86DD00958C53 /* FlowViewTest2Controller.swift */ = {isa = PBXFileReference; lastKnownFileType = sourcecode.swift; path = FlowViewTest2Controller.swift; sourceTree = "<group>"; };
		84CFD96D221CF1B600E77F3F /* FlowLayoutView.swift */ = {isa = PBXFileReference; lastKnownFileType = sourcecode.swift; path = FlowLayoutView.swift; sourceTree = "<group>"; };
		84CFD976221D588A00E77F3F /* FlowLayoutViewController.swift */ = {isa = PBXFileReference; lastKnownFileType = sourcecode.swift; path = FlowLayoutViewController.swift; sourceTree = "<group>"; };
		84CFD979221D590100E77F3F /* FlowViewTest1Controller.swift */ = {isa = PBXFileReference; lastKnownFileType = sourcecode.swift; path = FlowViewTest1Controller.swift; sourceTree = "<group>"; };
		84E572182216993E00572DF8 /* LayoutView.app */ = {isa = PBXFileReference; explicitFileType = wrapper.application; includeInIndex = 0; path = LayoutView.app; sourceTree = BUILT_PRODUCTS_DIR; };
		84E5721B2216993E00572DF8 /* AppDelegate.swift */ = {isa = PBXFileReference; lastKnownFileType = sourcecode.swift; path = AppDelegate.swift; sourceTree = "<group>"; };
		84E5721D2216993E00572DF8 /* ViewController.swift */ = {isa = PBXFileReference; lastKnownFileType = sourcecode.swift; path = ViewController.swift; sourceTree = "<group>"; };
		84E572202216993E00572DF8 /* Base */ = {isa = PBXFileReference; lastKnownFileType = file.storyboard; name = Base; path = Base.lproj/Main.storyboard; sourceTree = "<group>"; };
		84E572252216993F00572DF8 /* Base */ = {isa = PBXFileReference; lastKnownFileType = file.storyboard; name = Base; path = Base.lproj/LaunchScreen.storyboard; sourceTree = "<group>"; };
		84E572272216993F00572DF8 /* Info.plist */ = {isa = PBXFileReference; lastKnownFileType = text.plist.xml; path = Info.plist; sourceTree = "<group>"; };
		84E5722E2216998800572DF8 /* LinearViewTest1Controller.swift */ = {isa = PBXFileReference; fileEncoding = 4; lastKnownFileType = sourcecode.swift; path = LinearViewTest1Controller.swift; sourceTree = "<group>"; };
		84E5722F2216998800572DF8 /* LinearViewTest3Controller.swift */ = {isa = PBXFileReference; fileEncoding = 4; lastKnownFileType = sourcecode.swift; path = LinearViewTest3Controller.swift; sourceTree = "<group>"; };
		84E572302216998800572DF8 /* LinearViewTest4Controller.swift */ = {isa = PBXFileReference; fileEncoding = 4; lastKnownFileType = sourcecode.swift; path = LinearViewTest4Controller.swift; sourceTree = "<group>"; };
		84E572312216998800572DF8 /* LinearViewTest2Controller.swift */ = {isa = PBXFileReference; fileEncoding = 4; lastKnownFileType = sourcecode.swift; path = LinearViewTest2Controller.swift; sourceTree = "<group>"; };
		84E572322216998800572DF8 /* RelativeLayoutViewController.swift */ = {isa = PBXFileReference; fileEncoding = 4; lastKnownFileType = sourcecode.swift; path = RelativeLayoutViewController.swift; sourceTree = "<group>"; };
		84E572342216998800572DF8 /* RelativeViewTest3Controller.swift */ = {isa = PBXFileReference; fileEncoding = 4; lastKnownFileType = sourcecode.swift; path = RelativeViewTest3Controller.swift; sourceTree = "<group>"; };
		84E572352216998800572DF8 /* RelativeViewTest4Controller.swift */ = {isa = PBXFileReference; fileEncoding = 4; lastKnownFileType = sourcecode.swift; path = RelativeViewTest4Controller.swift; sourceTree = "<group>"; };
		84E572362216998800572DF8 /* RelativeViewTest5Controller.swift */ = {isa = PBXFileReference; fileEncoding = 4; lastKnownFileType = sourcecode.swift; path = RelativeViewTest5Controller.swift; sourceTree = "<group>"; };
		84E572372216998800572DF8 /* RelativeViewTest2Controller.swift */ = {isa = PBXFileReference; fileEncoding = 4; lastKnownFileType = sourcecode.swift; path = RelativeViewTest2Controller.swift; sourceTree = "<group>"; };
		84E572382216998800572DF8 /* RelativeViewTest1Controller.swift */ = {isa = PBXFileReference; fileEncoding = 4; lastKnownFileType = sourcecode.swift; path = RelativeViewTest1Controller.swift; sourceTree = "<group>"; };
		84E572392216998800572DF8 /* RelativeViewTest6Controller.swift */ = {isa = PBXFileReference; fileEncoding = 4; lastKnownFileType = sourcecode.swift; path = RelativeViewTest6Controller.swift; sourceTree = "<group>"; };
		84E5723A2216998800572DF8 /* UIColor.swift */ = {isa = PBXFileReference; fileEncoding = 4; lastKnownFileType = sourcecode.swift; path = UIColor.swift; sourceTree = "<group>"; };
		84E5723D2216998800572DF8 /* RelativeLayoutView.swift */ = {isa = PBXFileReference; fileEncoding = 4; lastKnownFileType = sourcecode.swift; path = RelativeLayoutView.swift; sourceTree = "<group>"; };
		84E5723E2216998800572DF8 /* LinearLayoutView.swift */ = {isa = PBXFileReference; fileEncoding = 4; lastKnownFileType = sourcecode.swift; path = LinearLayoutView.swift; sourceTree = "<group>"; };
		84E5723F2216998800572DF8 /* UIView+Layout.swift */ = {isa = PBXFileReference; fileEncoding = 4; lastKnownFileType = sourcecode.swift; path = "UIView+Layout.swift"; sourceTree = "<group>"; };
		84E572402216998800572DF8 /* LinearLayoutViewController.swift */ = {isa = PBXFileReference; fileEncoding = 4; lastKnownFileType = sourcecode.swift; path = LinearLayoutViewController.swift; sourceTree = "<group>"; };
/* End PBXFileReference section */

/* Begin PBXFrameworksBuildPhase section */
		84E572152216993E00572DF8 /* Frameworks */ = {
			isa = PBXFrameworksBuildPhase;
			buildActionMask = 2147483647;
			files = (
			);
			runOnlyForDeploymentPostprocessing = 0;
		};
/* End PBXFrameworksBuildPhase section */

/* Begin PBXGroup section */
		84CFD978221D58CF00E77F3F /* FlowLayoutViewExample */ = {
			isa = PBXGroup;
			children = (
				84CFD979221D590100E77F3F /* FlowViewTest1Controller.swift */,
				8489AE62221E86DD00958C53 /* FlowViewTest2Controller.swift */,
			);
			path = FlowLayoutViewExample;
			sourceTree = "<group>";
		};
		84E5720F2216993E00572DF8 = {
			isa = PBXGroup;
			children = (
				84E5721A2216993E00572DF8 /* LayoutView */,
				84E572192216993E00572DF8 /* Products */,
			);
			sourceTree = "<group>";
		};
		84E572192216993E00572DF8 /* Products */ = {
			isa = PBXGroup;
			children = (
				84E572182216993E00572DF8 /* LayoutView.app */,
			);
			name = Products;
			sourceTree = "<group>";
		};
		84E5721A2216993E00572DF8 /* LayoutView */ = {
			isa = PBXGroup;
			children = (
				84E5723B2216998800572DF8 /* LayoutView */,
				84CFD978221D58CF00E77F3F /* FlowLayoutViewExample */,
				84E5722D2216998800572DF8 /* LinearLayoutViewExample */,
				84E572332216998800572DF8 /* RelativeLayoutViewExample */,
				84E5723A2216998800572DF8 /* UIColor.swift */,
				84CFD976221D588A00E77F3F /* FlowLayoutViewController.swift */,
				84E572402216998800572DF8 /* LinearLayoutViewController.swift */,
				84E572322216998800572DF8 /* RelativeLayoutViewController.swift */,
				84E5721B2216993E00572DF8 /* AppDelegate.swift */,
				84E5721D2216993E00572DF8 /* ViewController.swift */,
				84E5721F2216993E00572DF8 /* Main.storyboard */,
				84E572242216993F00572DF8 /* LaunchScreen.storyboard */,
				84E572272216993F00572DF8 /* Info.plist */,
				84452C3F2224DCFA00E73241 /* Assets.xcassets */,
			);
			path = LayoutView;
			sourceTree = "<group>";
		};
		84E5722D2216998800572DF8 /* LinearLayoutViewExample */ = {
			isa = PBXGroup;
			children = (
				84E5722E2216998800572DF8 /* LinearViewTest1Controller.swift */,
				84E572312216998800572DF8 /* LinearViewTest2Controller.swift */,
				84E5722F2216998800572DF8 /* LinearViewTest3Controller.swift */,
				84E572302216998800572DF8 /* LinearViewTest4Controller.swift */,
			);
			path = LinearLayoutViewExample;
			sourceTree = "<group>";
		};
		84E572332216998800572DF8 /* RelativeLayoutViewExample */ = {
			isa = PBXGroup;
			children = (
				84E572382216998800572DF8 /* RelativeViewTest1Controller.swift */,
				84E572372216998800572DF8 /* RelativeViewTest2Controller.swift */,
				84E572342216998800572DF8 /* RelativeViewTest3Controller.swift */,
				84E572352216998800572DF8 /* RelativeViewTest4Controller.swift */,
				84E572362216998800572DF8 /* RelativeViewTest5Controller.swift */,
				84E572392216998800572DF8 /* RelativeViewTest6Controller.swift */,
			);
			path = RelativeLayoutViewExample;
			sourceTree = "<group>";
		};
		84E5723B2216998800572DF8 /* LayoutView */ = {
			isa = PBXGroup;
			children = (
				84CFD96D221CF1B600E77F3F /* FlowLayoutView.swift */,
				84E5723E2216998800572DF8 /* LinearLayoutView.swift */,
				84E5723D2216998800572DF8 /* RelativeLayoutView.swift */,
				84E5723F2216998800572DF8 /* UIView+Layout.swift */,
			);
			path = LayoutView;
			sourceTree = "<group>";
		};
/* End PBXGroup section */

/* Begin PBXNativeTarget section */
		84E572172216993E00572DF8 /* LayoutView */ = {
			isa = PBXNativeTarget;
			buildConfigurationList = 84E5722A2216993F00572DF8 /* Build configuration list for PBXNativeTarget "LayoutView" */;
			buildPhases = (
				84E572142216993E00572DF8 /* Sources */,
				84E572152216993E00572DF8 /* Frameworks */,
				84E572162216993E00572DF8 /* Resources */,
			);
			buildRules = (
			);
			dependencies = (
			);
			name = LayoutView;
			productName = LayoutView;
			productReference = 84E572182216993E00572DF8 /* LayoutView.app */;
			productType = "com.apple.product-type.application";
		};
/* End PBXNativeTarget section */

/* Begin PBXProject section */
		84E572102216993E00572DF8 /* Project object */ = {
			isa = PBXProject;
			attributes = {
				LastSwiftUpdateCheck = 1010;
				LastUpgradeCheck = 1010;
				ORGANIZATIONNAME = zhouqiao;
				TargetAttributes = {
					84E572172216993E00572DF8 = {
						CreatedOnToolsVersion = 10.1;
					};
				};
			};
			buildConfigurationList = 84E572132216993E00572DF8 /* Build configuration list for PBXProject "LayoutView" */;
			compatibilityVersion = "Xcode 9.3";
			developmentRegion = en;
			hasScannedForEncodings = 0;
			knownRegions = (
				en,
				Base,
			);
			mainGroup = 84E5720F2216993E00572DF8;
			productRefGroup = 84E572192216993E00572DF8 /* Products */;
			projectDirPath = "";
			projectRoot = "";
			targets = (
				84E572172216993E00572DF8 /* LayoutView */,
			);
		};
/* End PBXProject section */

/* Begin PBXResourcesBuildPhase section */
		84E572162216993E00572DF8 /* Resources */ = {
			isa = PBXResourcesBuildPhase;
			buildActionMask = 2147483647;
			files = (
				84E572262216993F00572DF8 /* LaunchScreen.storyboard in Resources */,
				84452C402224DCFA00E73241 /* Assets.xcassets in Resources */,
				84E572212216993E00572DF8 /* Main.storyboard in Resources */,
			);
			runOnlyForDeploymentPostprocessing = 0;
		};
/* End PBXResourcesBuildPhase section */

/* Begin PBXSourcesBuildPhase section */
		84E572142216993E00572DF8 /* Sources */ = {
			isa = PBXSourcesBuildPhase;
			buildActionMask = 2147483647;
			files = (
				84E572412216998800572DF8 /* LinearViewTest1Controller.swift in Sources */,
				84E5724C2216998800572DF8 /* UIColor.swift in Sources */,
				84E572492216998800572DF8 /* RelativeViewTest2Controller.swift in Sources */,
				8489AE63221E86DD00958C53 /* FlowViewTest2Controller.swift in Sources */,
				84CFD96E221CF1B600E77F3F /* FlowLayoutView.swift in Sources */,
				84E5724B2216998800572DF8 /* RelativeViewTest6Controller.swift in Sources */,
				84E5721E2216993E00572DF8 /* ViewController.swift in Sources */,
				84CFD977221D588A00E77F3F /* FlowLayoutViewController.swift in Sources */,
				84E572452216998800572DF8 /* RelativeLayoutViewController.swift in Sources */,
				84CFD97A221D590100E77F3F /* FlowViewTest1Controller.swift in Sources */,
				84E5724A2216998800572DF8 /* RelativeViewTest1Controller.swift in Sources */,
				84E5724E2216998800572DF8 /* RelativeLayoutView.swift in Sources */,
				84E572512216998800572DF8 /* LinearLayoutViewController.swift in Sources */,
				84E572442216998800572DF8 /* LinearViewTest2Controller.swift in Sources */,
				84E5721C2216993E00572DF8 /* AppDelegate.swift in Sources */,
				84E5724F2216998800572DF8 /* LinearLayoutView.swift in Sources */,
				84E572422216998800572DF8 /* LinearViewTest3Controller.swift in Sources */,
				84E572482216998800572DF8 /* RelativeViewTest5Controller.swift in Sources */,
				84E572502216998800572DF8 /* UIView+Layout.swift in Sources */,
				84E572462216998800572DF8 /* RelativeViewTest3Controller.swift in Sources */,
				84E572432216998800572DF8 /* LinearViewTest4Controller.swift in Sources */,
				84E572472216998800572DF8 /* RelativeViewTest4Controller.swift in Sources */,
			);
			runOnlyForDeploymentPostprocessing = 0;
		};
/* End PBXSourcesBuildPhase section */

/* Begin PBXVariantGroup section */
		84E5721F2216993E00572DF8 /* Main.storyboard */ = {
			isa = PBXVariantGroup;
			children = (
				84E572202216993E00572DF8 /* Base */,
			);
			name = Main.storyboard;
			sourceTree = "<group>";
		};
		84E572242216993F00572DF8 /* LaunchScreen.storyboard */ = {
			isa = PBXVariantGroup;
			children = (
				84E572252216993F00572DF8 /* Base */,
			);
			name = LaunchScreen.storyboard;
			sourceTree = "<group>";
		};
/* End PBXVariantGroup section */

/* Begin XCBuildConfiguration section */
		84E572282216993F00572DF8 /* Debug */ = {
			isa = XCBuildConfiguration;
			buildSettings = {
				ALWAYS_SEARCH_USER_PATHS = NO;
				CLANG_ANALYZER_NONNULL = YES;
				CLANG_ANALYZER_NUMBER_OBJECT_CONVERSION = YES_AGGRESSIVE;
				CLANG_CXX_LANGUAGE_STANDARD = "gnu++14";
				CLANG_CXX_LIBRARY = "libc++";
				CLANG_ENABLE_MODULES = YES;
				CLANG_ENABLE_OBJC_ARC = YES;
				CLANG_ENABLE_OBJC_WEAK = YES;
				CLANG_WARN_BLOCK_CAPTURE_AUTORELEASING = YES;
				CLANG_WARN_BOOL_CONVERSION = YES;
				CLANG_WARN_COMMA = YES;
				CLANG_WARN_CONSTANT_CONVERSION = YES;
				CLANG_WARN_DEPRECATED_OBJC_IMPLEMENTATIONS = YES;
				CLANG_WARN_DIRECT_OBJC_ISA_USAGE = YES_ERROR;
				CLANG_WARN_DOCUMENTATION_COMMENTS = YES;
				CLANG_WARN_EMPTY_BODY = YES;
				CLANG_WARN_ENUM_CONVERSION = YES;
				CLANG_WARN_INFINITE_RECURSION = YES;
				CLANG_WARN_INT_CONVERSION = YES;
				CLANG_WARN_NON_LITERAL_NULL_CONVERSION = YES;
				CLANG_WARN_OBJC_IMPLICIT_RETAIN_SELF = YES;
				CLANG_WARN_OBJC_LITERAL_CONVERSION = YES;
				CLANG_WARN_OBJC_ROOT_CLASS = YES_ERROR;
				CLANG_WARN_RANGE_LOOP_ANALYSIS = YES;
				CLANG_WARN_STRICT_PROTOTYPES = YES;
				CLANG_WARN_SUSPICIOUS_MOVE = YES;
				CLANG_WARN_UNGUARDED_AVAILABILITY = YES_AGGRESSIVE;
				CLANG_WARN_UNREACHABLE_CODE = YES;
				CLANG_WARN__DUPLICATE_METHOD_MATCH = YES;
				CODE_SIGN_IDENTITY = "iPhone Developer";
				COPY_PHASE_STRIP = NO;
				DEBUG_INFORMATION_FORMAT = dwarf;
				ENABLE_STRICT_OBJC_MSGSEND = YES;
				ENABLE_TESTABILITY = YES;
				GCC_C_LANGUAGE_STANDARD = gnu11;
				GCC_DYNAMIC_NO_PIC = NO;
				GCC_NO_COMMON_BLOCKS = YES;
				GCC_OPTIMIZATION_LEVEL = 0;
				GCC_PREPROCESSOR_DEFINITIONS = (
					"DEBUG=1",
					"$(inherited)",
				);
				GCC_WARN_64_TO_32_BIT_CONVERSION = YES;
				GCC_WARN_ABOUT_RETURN_TYPE = YES_ERROR;
				GCC_WARN_UNDECLARED_SELECTOR = YES;
				GCC_WARN_UNINITIALIZED_AUTOS = YES_AGGRESSIVE;
				GCC_WARN_UNUSED_FUNCTION = YES;
				GCC_WARN_UNUSED_VARIABLE = YES;
				IPHONEOS_DEPLOYMENT_TARGET = 12.1;
				MTL_ENABLE_DEBUG_INFO = INCLUDE_SOURCE;
				MTL_FAST_MATH = YES;
				ONLY_ACTIVE_ARCH = YES;
				SDKROOT = iphoneos;
				SWIFT_ACTIVE_COMPILATION_CONDITIONS = DEBUG;
				SWIFT_OPTIMIZATION_LEVEL = "-Onone";
			};
			name = Debug;
		};
		84E572292216993F00572DF8 /* Release */ = {
			isa = XCBuildConfiguration;
			buildSettings = {
				ALWAYS_SEARCH_USER_PATHS = NO;
				CLANG_ANALYZER_NONNULL = YES;
				CLANG_ANALYZER_NUMBER_OBJECT_CONVERSION = YES_AGGRESSIVE;
				CLANG_CXX_LANGUAGE_STANDARD = "gnu++14";
				CLANG_CXX_LIBRARY = "libc++";
				CLANG_ENABLE_MODULES = YES;
				CLANG_ENABLE_OBJC_ARC = YES;
				CLANG_ENABLE_OBJC_WEAK = YES;
				CLANG_WARN_BLOCK_CAPTURE_AUTORELEASING = YES;
				CLANG_WARN_BOOL_CONVERSION = YES;
				CLANG_WARN_COMMA = YES;
				CLANG_WARN_CONSTANT_CONVERSION = YES;
				CLANG_WARN_DEPRECATED_OBJC_IMPLEMENTATIONS = YES;
				CLANG_WARN_DIRECT_OBJC_ISA_USAGE = YES_ERROR;
				CLANG_WARN_DOCUMENTATION_COMMENTS = YES;
				CLANG_WARN_EMPTY_BODY = YES;
				CLANG_WARN_ENUM_CONVERSION = YES;
				CLANG_WARN_INFINITE_RECURSION = YES;
				CLANG_WARN_INT_CONVERSION = YES;
				CLANG_WARN_NON_LITERAL_NULL_CONVERSION = YES;
				CLANG_WARN_OBJC_IMPLICIT_RETAIN_SELF = YES;
				CLANG_WARN_OBJC_LITERAL_CONVERSION = YES;
				CLANG_WARN_OBJC_ROOT_CLASS = YES_ERROR;
				CLANG_WARN_RANGE_LOOP_ANALYSIS = YES;
				CLANG_WARN_STRICT_PROTOTYPES = YES;
				CLANG_WARN_SUSPICIOUS_MOVE = YES;
				CLANG_WARN_UNGUARDED_AVAILABILITY = YES_AGGRESSIVE;
				CLANG_WARN_UNREACHABLE_CODE = YES;
				CLANG_WARN__DUPLICATE_METHOD_MATCH = YES;
				CODE_SIGN_IDENTITY = "iPhone Developer";
				COPY_PHASE_STRIP = NO;
				DEBUG_INFORMATION_FORMAT = "dwarf-with-dsym";
				ENABLE_NS_ASSERTIONS = NO;
				ENABLE_STRICT_OBJC_MSGSEND = YES;
				GCC_C_LANGUAGE_STANDARD = gnu11;
				GCC_NO_COMMON_BLOCKS = YES;
				GCC_WARN_64_TO_32_BIT_CONVERSION = YES;
				GCC_WARN_ABOUT_RETURN_TYPE = YES_ERROR;
				GCC_WARN_UNDECLARED_SELECTOR = YES;
				GCC_WARN_UNINITIALIZED_AUTOS = YES_AGGRESSIVE;
				GCC_WARN_UNUSED_FUNCTION = YES;
				GCC_WARN_UNUSED_VARIABLE = YES;
				IPHONEOS_DEPLOYMENT_TARGET = 12.1;
				MTL_ENABLE_DEBUG_INFO = NO;
				MTL_FAST_MATH = YES;
				SDKROOT = iphoneos;
				SWIFT_COMPILATION_MODE = wholemodule;
				SWIFT_OPTIMIZATION_LEVEL = "-O";
				VALIDATE_PRODUCT = YES;
			};
			name = Release;
		};
		84E5722B2216993F00572DF8 /* Debug */ = {
			isa = XCBuildConfiguration;
			buildSettings = {
				ASSETCATALOG_COMPILER_APPICON_NAME = AppIcon;
				CODE_SIGN_STYLE = Automatic;
				DEVELOPMENT_TEAM = B66ANGU77M;
				INFOPLIST_FILE = LayoutView/Info.plist;
				IPHONEOS_DEPLOYMENT_TARGET = 11.0;
				LD_RUNPATH_SEARCH_PATHS = (
					"$(inherited)",
					"@executable_path/Frameworks",
				);
				PRODUCT_BUNDLE_IDENTIFIER = LayoutView;
				PRODUCT_NAME = "$(TARGET_NAME)";
				SWIFT_VERSION = 4.2;
				TARGETED_DEVICE_FAMILY = 1;
			};
			name = Debug;
		};
		84E5722C2216993F00572DF8 /* Release */ = {
			isa = XCBuildConfiguration;
			buildSettings = {
				ASSETCATALOG_COMPILER_APPICON_NAME = AppIcon;
				CODE_SIGN_STYLE = Automatic;
				DEVELOPMENT_TEAM = B66ANGU77M;
				INFOPLIST_FILE = LayoutView/Info.plist;
				IPHONEOS_DEPLOYMENT_TARGET = 11.0;
				LD_RUNPATH_SEARCH_PATHS = (
					"$(inherited)",
					"@executable_path/Frameworks",
				);
				PRODUCT_BUNDLE_IDENTIFIER = LayoutView;
				PRODUCT_NAME = "$(TARGET_NAME)";
				SWIFT_VERSION = 4.2;
				TARGETED_DEVICE_FAMILY = 1;
			};
			name = Release;
		};
/* End XCBuildConfiguration section */

/* Begin XCConfigurationList section */
		84E572132216993E00572DF8 /* Build configuration list for PBXProject "LayoutView" */ = {
			isa = XCConfigurationList;
			buildConfigurations = (
				84E572282216993F00572DF8 /* Debug */,
				84E572292216993F00572DF8 /* Release */,
			);
			defaultConfigurationIsVisible = 0;
			defaultConfigurationName = Release;
		};
		84E5722A2216993F00572DF8 /* Build configuration list for PBXNativeTarget "LayoutView" */ = {
			isa = XCConfigurationList;
			buildConfigurations = (
				84E5722B2216993F00572DF8 /* Debug */,
				84E5722C2216993F00572DF8 /* Release */,
			);
			defaultConfigurationIsVisible = 0;
			defaultConfigurationName = Release;
		};
/* End XCConfigurationList section */
	};
	rootObject = 84E572102216993E00572DF8 /* Project object */;
}
